
Microsoft Visual Studio Solution File, Format Version 12.00
# Visual Studio Version 16
VisualStudioVersion = 16.0.29102.190
MinimumVisualStudioVersion = 10.0.40219.1
Project("{2150E333-8FDC-42A3-9474-1A3956D46DE8}") = "src", "src", "{9516266B-5BDB-4C5E-AA63-8D560BC7B1F4}"
EndProject
Project("{2150E333-8FDC-42A3-9474-1A3956D46DE8}") = "tests", "tests", "{4A89674A-819D-4A6D-9AA7-FE8232AE6F3C}"
EndProject
Project("{FAE04EC0-301F-11D3-BF4B-00C04F79EFBC}") = "MGroup.Solvers", "src\MGroup.Solvers\MGroup.Solvers.csproj", "{90A9B907-EBB8-4E98-9515-D93AE229992B}"
EndProject
Project("{FAE04EC0-301F-11D3-BF4B-00C04F79EFBC}") = "MGroup.Solvers.Tests", "tests\MGroup.Solvers.Tests\MGroup.Solvers.Tests.csproj", "{2A29CF91-6470-4F58-95DC-674387241A01}"
EndProject
Global
	GlobalSection(SolutionConfigurationPlatforms) = preSolution
		Debug|Any CPU = Debug|Any CPU
		Release|Any CPU = Release|Any CPU
	EndGlobalSection
	GlobalSection(ProjectConfigurationPlatforms) = postSolution
		{90A9B907-EBB8-4E98-9515-D93AE229992B}.Debug|Any CPU.ActiveCfg = Debug|Any CPU
		{90A9B907-EBB8-4E98-9515-D93AE229992B}.Debug|Any CPU.Build.0 = Debug|Any CPU
		{90A9B907-EBB8-4E98-9515-D93AE229992B}.Release|Any CPU.ActiveCfg = Release|Any CPU
		{90A9B907-EBB8-4E98-9515-D93AE229992B}.Release|Any CPU.Build.0 = Release|Any CPU
		{2A29CF91-6470-4F58-95DC-674387241A01}.Debug|Any CPU.ActiveCfg = Debug|Any CPU
		{2A29CF91-6470-4F58-95DC-674387241A01}.Debug|Any CPU.Build.0 = Debug|Any CPU
		{2A29CF91-6470-4F58-95DC-674387241A01}.Release|Any CPU.ActiveCfg = Release|Any CPU
		{2A29CF91-6470-4F58-95DC-674387241A01}.Release|Any CPU.Build.0 = Release|Any CPU
	EndGlobalSection
	GlobalSection(SolutionProperties) = preSolution
		HideSolutionNode = FALSE
	EndGlobalSection
	GlobalSection(NestedProjects) = preSolution
		{90A9B907-EBB8-4E98-9515-D93AE229992B} = {9516266B-5BDB-4C5E-AA63-8D560BC7B1F4}
		{2A29CF91-6470-4F58-95DC-674387241A01} = {4A89674A-819D-4A6D-9AA7-FE8232AE6F3C}
	EndGlobalSection
	GlobalSection(ExtensibilityGlobals) = postSolution
		SolutionGuid = {C4A38F9A-7AAB-41F9-BA59-93D03FCB7902}
	EndGlobalSection
EndGlobal
